
Microsoft Visual Studio Solution File, Format Version 12.00
# Visual Studio Version 17
VisualStudioVersion = 17.10.35013.160
MinimumVisualStudioVersion = 10.0.40219.1
Project("{FAE04EC0-301F-11D3-BF4B-00C04F79EFBC}") = "switchanidado", "switchanidado\switchanidado.csproj", "{C2E12EB9-DDD7-41B2-9EFD-B8A644BA185D}"
EndProject
Global
	GlobalSection(SolutionConfigurationPlatforms) = preSolution
		Debug|Any CPU = Debug|Any CPU
		Release|Any CPU = Release|Any CPU
	EndGlobalSection
	GlobalSection(ProjectConfigurationPlatforms) = postSolution
		{C2E12EB9-DDD7-41B2-9EFD-B8A644BA185D}.Debug|Any CPU.ActiveCfg = Debug|Any CPU
		{C2E12EB9-DDD7-41B2-9EFD-B8A644BA185D}.Debug|Any CPU.Build.0 = Debug|Any CPU
		{C2E12EB9-DDD7-41B2-9EFD-B8A644BA185D}.Release|Any CPU.ActiveCfg = Release|Any CPU
		{C2E12EB9-DDD7-41B2-9EFD-B8A644BA185D}.Release|Any CPU.Build.0 = Release|Any CPU
	EndGlobalSection
	GlobalSection(SolutionProperties) = preSolution
		HideSolutionNode = FALSE
	EndGlobalSection
	GlobalSection(ExtensibilityGlobals) = postSolution
		SolutionGuid = {D93AA577-DB94-4959-880F-85F70774E07C}
	EndGlobalSection
EndGlobal
